// !$*UTF8*$!
{
	archiveVersion = 1;
	classes = {
	};
	objectVersion = 56;
	objects = {

/* Begin PBXBuildFile section */
		9C26589E2BFAFAB0003A56F5 /* finalApp.swift in Sources */ = {isa = PBXBuildFile; fileRef = 9C26589D2BFAFAB0003A56F5 /* finalApp.swift */; };
		9C2658A02BFAFAB0003A56F5 /* ContentView.swift in Sources */ = {isa = PBXBuildFile; fileRef = 9C26589F2BFAFAB0003A56F5 /* ContentView.swift */; };
		9C2658A22BFAFAB2003A56F5 /* Assets.xcassets in Resources */ = {isa = PBXBuildFile; fileRef = 9C2658A12BFAFAB2003A56F5 /* Assets.xcassets */; };
		9C2658A52BFAFAB2003A56F5 /* Preview Assets.xcassets in Resources */ = {isa = PBXBuildFile; fileRef = 9C2658A42BFAFAB2003A56F5 /* Preview Assets.xcassets */; };
		9C2658AF2BFAFAB2003A56F5 /* finalTests.swift in Sources */ = {isa = PBXBuildFile; fileRef = 9C2658AE2BFAFAB2003A56F5 /* finalTests.swift */; };
		9C2658B92BFAFAB2003A56F5 /* finalUITests.swift in Sources */ = {isa = PBXBuildFile; fileRef = 9C2658B82BFAFAB2003A56F5 /* finalUITests.swift */; };
		9C2658BB2BFAFAB2003A56F5 /* finalUITestsLaunchTests.swift in Sources */ = {isa = PBXBuildFile; fileRef = 9C2658BA2BFAFAB2003A56F5 /* finalUITestsLaunchTests.swift */; };
		9CBDD99E2C057AB800CE8A6F /* DetailsView.swift in Sources */ = {isa = PBXBuildFile; fileRef = 9CBDD99D2C057AB800CE8A6F /* DetailsView.swift */; };
		9CBDD9A02C057BF000CE8A6F /* Machine Learning.swift in Sources */ = {isa = PBXBuildFile; fileRef = 9CBDD99F2C057BF000CE8A6F /* Machine Learning.swift */; };
		9CBDD9A22C057C0500CE8A6F /* Web Development.swift in Sources */ = {isa = PBXBuildFile; fileRef = 9CBDD9A12C057C0500CE8A6F /* Web Development.swift */; };
		9CBDD9A42C057C1200CE8A6F /* Distributed Systems.swift in Sources */ = {isa = PBXBuildFile; fileRef = 9CBDD9A32C057C1200CE8A6F /* Distributed Systems.swift */; };
		9CBDD9A62C057F1E00CE8A6F /* ComputerGraphics.swift in Sources */ = {isa = PBXBuildFile; fileRef = 9CBDD9A52C057F1E00CE8A6F /* ComputerGraphics.swift */; };
/* End PBXBuildFile section */

/* Begin PBXContainerItemProxy section */
		9C2658AB2BFAFAB2003A56F5 /* PBXContainerItemProxy */ = {
			isa = PBXContainerItemProxy;
			containerPortal = 9C2658922BFAFAB0003A56F5 /* Project object */;
			proxyType = 1;
			remoteGlobalIDString = 9C2658992BFAFAB0003A56F5;
			remoteInfo = final;
		};
		9C2658B52BFAFAB2003A56F5 /* PBXContainerItemProxy */ = {
			isa = PBXContainerItemProxy;
			containerPortal = 9C2658922BFAFAB0003A56F5 /* Project object */;
			proxyType = 1;
			remoteGlobalIDString = 9C2658992BFAFAB0003A56F5;
			remoteInfo = final;
		};
/* End PBXContainerItemProxy section */

/* Begin PBXFileReference section */
		9C26589A2BFAFAB0003A56F5 /* final.app */ = {isa = PBXFileReference; explicitFileType = wrapper.application; includeInIndex = 0; path = final.app; sourceTree = BUILT_PRODUCTS_DIR; };
		9C26589D2BFAFAB0003A56F5 /* finalApp.swift */ = {isa = PBXFileReference; lastKnownFileType = sourcecode.swift; path = finalApp.swift; sourceTree = "<group>"; };
		9C26589F2BFAFAB0003A56F5 /* ContentView.swift */ = {isa = PBXFileReference; lastKnownFileType = sourcecode.swift; path = ContentView.swift; sourceTree = "<group>"; };
		9C2658A12BFAFAB2003A56F5 /* Assets.xcassets */ = {isa = PBXFileReference; lastKnownFileType = folder.assetcatalog; path = Assets.xcassets; sourceTree = "<group>"; };
		9C2658A42BFAFAB2003A56F5 /* Preview Assets.xcassets */ = {isa = PBXFileReference; lastKnownFileType = folder.assetcatalog; path = "Preview Assets.xcassets"; sourceTree = "<group>"; };
		9C2658AA2BFAFAB2003A56F5 /* finalTests.xctest */ = {isa = PBXFileReference; explicitFileType = wrapper.cfbundle; includeInIndex = 0; path = finalTests.xctest; sourceTree = BUILT_PRODUCTS_DIR; };
		9C2658AE2BFAFAB2003A56F5 /* finalTests.swift */ = {isa = PBXFileReference; lastKnownFileType = sourcecode.swift; path = finalTests.swift; sourceTree = "<group>"; };
		9C2658B42BFAFAB2003A56F5 /* finalUITests.xctest */ = {isa = PBXFileReference; explicitFileType = wrapper.cfbundle; includeInIndex = 0; path = finalUITests.xctest; sourceTree = BUILT_PRODUCTS_DIR; };
		9C2658B82BFAFAB2003A56F5 /* finalUITests.swift */ = {isa = PBXFileReference; lastKnownFileType = sourcecode.swift; path = finalUITests.swift; sourceTree = "<group>"; };
		9C2658BA2BFAFAB2003A56F5 /* finalUITestsLaunchTests.swift */ = {isa = PBXFileReference; lastKnownFileType = sourcecode.swift; path = finalUITestsLaunchTests.swift; sourceTree = "<group>"; };
		9CBDD99D2C057AB800CE8A6F /* DetailsView.swift */ = {isa = PBXFileReference; lastKnownFileType = sourcecode.swift; path = DetailsView.swift; sourceTree = "<group>"; };
		9CBDD99F2C057BF000CE8A6F /* Machine Learning.swift */ = {isa = PBXFileReference; lastKnownFileType = sourcecode.swift; path = "Machine Learning.swift"; sourceTree = "<group>"; };
		9CBDD9A12C057C0500CE8A6F /* Web Development.swift */ = {isa = PBXFileReference; lastKnownFileType = sourcecode.swift; path = "Web Development.swift"; sourceTree = "<group>"; };
		9CBDD9A32C057C1200CE8A6F /* Distributed Systems.swift */ = {isa = PBXFileReference; lastKnownFileType = sourcecode.swift; path = "Distributed Systems.swift"; sourceTree = "<group>"; };
		9CBDD9A52C057F1E00CE8A6F /* ComputerGraphics.swift */ = {isa = PBXFileReference; lastKnownFileType = sourcecode.swift; path = ComputerGraphics.swift; sourceTree = "<group>"; };
/* End PBXFileReference section */

/* Begin PBXFrameworksBuildPhase section */
		9C2658972BFAFAB0003A56F5 /* Frameworks */ = {
			isa = PBXFrameworksBuildPhase;
			buildActionMask = 2147483647;
			files = (
			);
			runOnlyForDeploymentPostprocessing = 0;
		};
		9C2658A72BFAFAB2003A56F5 /* Frameworks */ = {
			isa = PBXFrameworksBuildPhase;
			buildActionMask = 2147483647;
			files = (
			);
			runOnlyForDeploymentPostprocessing = 0;
		};
		9C2658B12BFAFAB2003A56F5 /* Frameworks */ = {
			isa = PBXFrameworksBuildPhase;
			buildActionMask = 2147483647;
			files = (
			);
			runOnlyForDeploymentPostprocessing = 0;
		};
/* End PBXFrameworksBuildPhase section */

/* Begin PBXGroup section */
		9C2658912BFAFAB0003A56F5 = {
			isa = PBXGroup;
			children = (
				9C26589C2BFAFAB0003A56F5 /* final */,
				9C2658AD2BFAFAB2003A56F5 /* finalTests */,
				9C2658B72BFAFAB2003A56F5 /* finalUITests */,
				9C26589B2BFAFAB0003A56F5 /* Products */,
			);
			sourceTree = "<group>";
		};
		9C26589B2BFAFAB0003A56F5 /* Products */ = {
			isa = PBXGroup;
			children = (
				9C26589A2BFAFAB0003A56F5 /* final.app */,
				9C2658AA2BFAFAB2003A56F5 /* finalTests.xctest */,
				9C2658B42BFAFAB2003A56F5 /* finalUITests.xctest */,
			);
			name = Products;
			sourceTree = "<group>";
		};
		9C26589C2BFAFAB0003A56F5 /* final */ = {
			isa = PBXGroup;
			children = (
				9C26589D2BFAFAB0003A56F5 /* finalApp.swift */,
				9C26589F2BFAFAB0003A56F5 /* ContentView.swift */,
				9CBDD99D2C057AB800CE8A6F /* DetailsView.swift */,
				9CBDD9A52C057F1E00CE8A6F /* ComputerGraphics.swift */,
				9CBDD99F2C057BF000CE8A6F /* Machine Learning.swift */,
				9CBDD9A12C057C0500CE8A6F /* Web Development.swift */,
				9CBDD9A32C057C1200CE8A6F /* Distributed Systems.swift */,
				9C2658A12BFAFAB2003A56F5 /* Assets.xcassets */,
				9C2658A32BFAFAB2003A56F5 /* Preview Content */,
			);
			path = final;
			sourceTree = "<group>";
		};
		9C2658A32BFAFAB2003A56F5 /* Preview Content */ = {
			isa = PBXGroup;
			children = (
				9C2658A42BFAFAB2003A56F5 /* Preview Assets.xcassets */,
			);
			path = "Preview Content";
			sourceTree = "<group>";
		};
		9C2658AD2BFAFAB2003A56F5 /* finalTests */ = {
			isa = PBXGroup;
			children = (
				9C2658AE2BFAFAB2003A56F5 /* finalTests.swift */,
			);
			path = finalTests;
			sourceTree = "<group>";
		};
		9C2658B72BFAFAB2003A56F5 /* finalUITests */ = {
			isa = PBXGroup;
			children = (
				9C2658B82BFAFAB2003A56F5 /* finalUITests.swift */,
				9C2658BA2BFAFAB2003A56F5 /* finalUITestsLaunchTests.swift */,
			);
			path = finalUITests;
			sourceTree = "<group>";
		};
/* End PBXGroup section */

/* Begin PBXNativeTarget section */
		9C2658992BFAFAB0003A56F5 /* final */ = {
			isa = PBXNativeTarget;
			buildConfigurationList = 9C2658BE2BFAFAB2003A56F5 /* Build configuration list for PBXNativeTarget "final" */;
			buildPhases = (
				9C2658962BFAFAB0003A56F5 /* Sources */,
				9C2658972BFAFAB0003A56F5 /* Frameworks */,
				9C2658982BFAFAB0003A56F5 /* Resources */,
			);
			buildRules = (
			);
			dependencies = (
			);
			name = final;
			productName = final;
			productReference = 9C26589A2BFAFAB0003A56F5 /* final.app */;
			productType = "com.apple.product-type.application";
		};
		9C2658A92BFAFAB2003A56F5 /* finalTests */ = {
			isa = PBXNativeTarget;
			buildConfigurationList = 9C2658C12BFAFAB2003A56F5 /* Build configuration list for PBXNativeTarget "finalTests" */;
			buildPhases = (
				9C2658A62BFAFAB2003A56F5 /* Sources */,
				9C2658A72BFAFAB2003A56F5 /* Frameworks */,
				9C2658A82BFAFAB2003A56F5 /* Resources */,
			);
			buildRules = (
			);
			dependencies = (
				9C2658AC2BFAFAB2003A56F5 /* PBXTargetDependency */,
			);
			name = finalTests;
			productName = finalTests;
			productReference = 9C2658AA2BFAFAB2003A56F5 /* finalTests.xctest */;
			productType = "com.apple.product-type.bundle.unit-test";
		};
		9C2658B32BFAFAB2003A56F5 /* finalUITests */ = {
			isa = PBXNativeTarget;
			buildConfigurationList = 9C2658C42BFAFAB2003A56F5 /* Build configuration list for PBXNativeTarget "finalUITests" */;
			buildPhases = (
				9C2658B02BFAFAB2003A56F5 /* Sources */,
				9C2658B12BFAFAB2003A56F5 /* Frameworks */,
				9C2658B22BFAFAB2003A56F5 /* Resources */,
			);
			buildRules = (
			);
			dependencies = (
				9C2658B62BFAFAB2003A56F5 /* PBXTargetDependency */,
			);
			name = finalUITests;
			productName = finalUITests;
			productReference = 9C2658B42BFAFAB2003A56F5 /* finalUITests.xctest */;
			productType = "com.apple.product-type.bundle.ui-testing";
		};
/* End PBXNativeTarget section */

/* Begin PBXProject section */
		9C2658922BFAFAB0003A56F5 /* Project object */ = {
			isa = PBXProject;
			attributes = {
				BuildIndependentTargetsInParallel = 1;
				LastSwiftUpdateCheck = 1530;
				LastUpgradeCheck = 1530;
				TargetAttributes = {
					9C2658992BFAFAB0003A56F5 = {
						CreatedOnToolsVersion = 15.3;
					};
					9C2658A92BFAFAB2003A56F5 = {
						CreatedOnToolsVersion = 15.3;
						TestTargetID = 9C2658992BFAFAB0003A56F5;
					};
					9C2658B32BFAFAB2003A56F5 = {
						CreatedOnToolsVersion = 15.3;
						TestTargetID = 9C2658992BFAFAB0003A56F5;
					};
				};
			};
			buildConfigurationList = 9C2658952BFAFAB0003A56F5 /* Build configuration list for PBXProject "final" */;
			compatibilityVersion = "Xcode 14.0";
			developmentRegion = en;
			hasScannedForEncodings = 0;
			knownRegions = (
				en,
				Base,
			);
			mainGroup = 9C2658912BFAFAB0003A56F5;
			productRefGroup = 9C26589B2BFAFAB0003A56F5 /* Products */;
			projectDirPath = "";
			projectRoot = "";
			targets = (
				9C2658992BFAFAB0003A56F5 /* final */,
				9C2658A92BFAFAB2003A56F5 /* finalTests */,
				9C2658B32BFAFAB2003A56F5 /* finalUITests */,
			);
		};
/* End PBXProject section */

/* Begin PBXResourcesBuildPhase section */
		9C2658982BFAFAB0003A56F5 /* Resources */ = {
			isa = PBXResourcesBuildPhase;
			buildActionMask = 2147483647;
			files = (
				9C2658A52BFAFAB2003A56F5 /* Preview Assets.xcassets in Resources */,
				9C2658A22BFAFAB2003A56F5 /* Assets.xcassets in Resources */,
			);
			runOnlyForDeploymentPostprocessing = 0;
		};
		9C2658A82BFAFAB2003A56F5 /* Resources */ = {
			isa = PBXResourcesBuildPhase;
			buildActionMask = 2147483647;
			files = (
			);
			runOnlyForDeploymentPostprocessing = 0;
		};
		9C2658B22BFAFAB2003A56F5 /* Resources */ = {
			isa = PBXResourcesBuildPhase;
			buildActionMask = 2147483647;
			files = (
			);
			runOnlyForDeploymentPostprocessing = 0;
		};
/* End PBXResourcesBuildPhase section */

/* Begin PBXSourcesBuildPhase section */
		9C2658962BFAFAB0003A56F5 /* Sources */ = {
			isa = PBXSourcesBuildPhase;
			buildActionMask = 2147483647;
			files = (
				9CBDD9A22C057C0500CE8A6F /* Web Development.swift in Sources */,
				9CBDD9A62C057F1E00CE8A6F /* ComputerGraphics.swift in Sources */,
				9C2658A02BFAFAB0003A56F5 /* ContentView.swift in Sources */,
				9C26589E2BFAFAB0003A56F5 /* finalApp.swift in Sources */,
				9CBDD9A02C057BF000CE8A6F /* Machine Learning.swift in Sources */,
				9CBDD99E2C057AB800CE8A6F /* DetailsView.swift in Sources */,
				9CBDD9A42C057C1200CE8A6F /* Distributed Systems.swift in Sources */,
			);
			runOnlyForDeploymentPostprocessing = 0;
		};
		9C2658A62BFAFAB2003A56F5 /* Sources */ = {
			isa = PBXSourcesBuildPhase;
			buildActionMask = 2147483647;
			files = (
				9C2658AF2BFAFAB2003A56F5 /* finalTests.swift in Sources */,
			);
			runOnlyForDeploymentPostprocessing = 0;
		};
		9C2658B02BFAFAB2003A56F5 /* Sources */ = {
			isa = PBXSourcesBuildPhase;
			buildActionMask = 2147483647;
			files = (
				9C2658B92BFAFAB2003A56F5 /* finalUITests.swift in Sources */,
				9C2658BB2BFAFAB2003A56F5 /* finalUITestsLaunchTests.swift in Sources */,
			);
			runOnlyForDeploymentPostprocessing = 0;
		};
/* End PBXSourcesBuildPhase section */

/* Begin PBXTargetDependency section */
		9C2658AC2BFAFAB2003A56F5 /* PBXTargetDependency */ = {
			isa = PBXTargetDependency;
			target = 9C2658992BFAFAB0003A56F5 /* final */;
			targetProxy = 9C2658AB2BFAFAB2003A56F5 /* PBXContainerItemProxy */;
		};
		9C2658B62BFAFAB2003A56F5 /* PBXTargetDependency */ = {
			isa = PBXTargetDependency;
			target = 9C2658992BFAFAB0003A56F5 /* final */;
			targetProxy = 9C2658B52BFAFAB2003A56F5 /* PBXContainerItemProxy */;
		};
/* End PBXTargetDependency section */

/* Begin XCBuildConfiguration section */
		9C2658BC2BFAFAB2003A56F5 /* Debug */ = {
			isa = XCBuildConfiguration;
			buildSettings = {
				ALWAYS_SEARCH_USER_PATHS = NO;
				ASSETCATALOG_COMPILER_GENERATE_SWIFT_ASSET_SYMBOL_EXTENSIONS = YES;
				CLANG_ANALYZER_NONNULL = YES;
				CLANG_ANALYZER_NUMBER_OBJECT_CONVERSION = YES_AGGRESSIVE;
				CLANG_CXX_LANGUAGE_STANDARD = "gnu++20";
				CLANG_ENABLE_MODULES = YES;
				CLANG_ENABLE_OBJC_ARC = YES;
				CLANG_ENABLE_OBJC_WEAK = YES;
				CLANG_WARN_BLOCK_CAPTURE_AUTORELEASING = YES;
				CLANG_WARN_BOOL_CONVERSION = YES;
				CLANG_WARN_COMMA = YES;
				CLANG_WARN_CONSTANT_CONVERSION = YES;
				CLANG_WARN_DEPRECATED_OBJC_IMPLEMENTATIONS = YES;
				CLANG_WARN_DIRECT_OBJC_ISA_USAGE = YES_ERROR;
				CLANG_WARN_DOCUMENTATION_COMMENTS = YES;
				CLANG_WARN_EMPTY_BODY = YES;
				CLANG_WARN_ENUM_CONVERSION = YES;
				CLANG_WARN_INFINITE_RECURSION = YES;
				CLANG_WARN_INT_CONVERSION = YES;
				CLANG_WARN_NON_LITERAL_NULL_CONVERSION = YES;
				CLANG_WARN_OBJC_IMPLICIT_RETAIN_SELF = YES;
				CLANG_WARN_OBJC_LITERAL_CONVERSION = YES;
				CLANG_WARN_OBJC_ROOT_CLASS = YES_ERROR;
				CLANG_WARN_QUOTED_INCLUDE_IN_FRAMEWORK_HEADER = YES;
				CLANG_WARN_RANGE_LOOP_ANALYSIS = YES;
				CLANG_WARN_STRICT_PROTOTYPES = YES;
				CLANG_WARN_SUSPICIOUS_MOVE = YES;
				CLANG_WARN_UNGUARDED_AVAILABILITY = YES_AGGRESSIVE;
				CLANG_WARN_UNREACHABLE_CODE = YES;
				CLANG_WARN__DUPLICATE_METHOD_MATCH = YES;
				COPY_PHASE_STRIP = NO;
				DEBUG_INFORMATION_FORMAT = dwarf;
				ENABLE_STRICT_OBJC_MSGSEND = YES;
				ENABLE_TESTABILITY = YES;
				ENABLE_USER_SCRIPT_SANDBOXING = YES;
				GCC_C_LANGUAGE_STANDARD = gnu17;
				GCC_DYNAMIC_NO_PIC = NO;
				GCC_NO_COMMON_BLOCKS = YES;
				GCC_OPTIMIZATION_LEVEL = 0;
				GCC_PREPROCESSOR_DEFINITIONS = (
					"DEBUG=1",
					"$(inherited)",
				);
				GCC_WARN_64_TO_32_BIT_CONVERSION = YES;
				GCC_WARN_ABOUT_RETURN_TYPE = YES_ERROR;
				GCC_WARN_UNDECLARED_SELECTOR = YES;
				GCC_WARN_UNINITIALIZED_AUTOS = YES_AGGRESSIVE;
				GCC_WARN_UNUSED_FUNCTION = YES;
				GCC_WARN_UNUSED_VARIABLE = YES;
				IPHONEOS_DEPLOYMENT_TARGET = 17.4;
				LOCALIZATION_PREFERS_STRING_CATALOGS = YES;
				MTL_ENABLE_DEBUG_INFO = INCLUDE_SOURCE;
				MTL_FAST_MATH = YES;
				ONLY_ACTIVE_ARCH = YES;
				SDKROOT = iphoneos;
				SWIFT_ACTIVE_COMPILATION_CONDITIONS = "DEBUG $(inherited)";
				SWIFT_OPTIMIZATION_LEVEL = "-Onone";
			};
			name = Debug;
		};
		9C2658BD2BFAFAB2003A56F5 /* Release */ = {
			isa = XCBuildConfiguration;
			buildSettings = {
				ALWAYS_SEARCH_USER_PATHS = NO;
				ASSETCATALOG_COMPILER_GENERATE_SWIFT_ASSET_SYMBOL_EXTENSIONS = YES;
				CLANG_ANALYZER_NONNULL = YES;
				CLANG_ANALYZER_NUMBER_OBJECT_CONVERSION = YES_AGGRESSIVE;
				CLANG_CXX_LANGUAGE_STANDARD = "gnu++20";
				CLANG_ENABLE_MODULES = YES;
				CLANG_ENABLE_OBJC_ARC = YES;
				CLANG_ENABLE_OBJC_WEAK = YES;
				CLANG_WARN_BLOCK_CAPTURE_AUTORELEASING = YES;
				CLANG_WARN_BOOL_CONVERSION = YES;
				CLANG_WARN_COMMA = YES;
				CLANG_WARN_CONSTANT_CONVERSION = YES;
				CLANG_WARN_DEPRECATED_OBJC_IMPLEMENTATIONS = YES;
				CLANG_WARN_DIRECT_OBJC_ISA_USAGE = YES_ERROR;
				CLANG_WARN_DOCUMENTATION_COMMENTS = YES;
				CLANG_WARN_EMPTY_BODY = YES;
				CLANG_WARN_ENUM_CONVERSION = YES;
				CLANG_WARN_INFINITE_RECURSION = YES;
				CLANG_WARN_INT_CONVERSION = YES;
				CLANG_WARN_NON_LITERAL_NULL_CONVERSION = YES;
				CLANG_WARN_OBJC_IMPLICIT_RETAIN_SELF = YES;
				CLANG_WARN_OBJC_LITERAL_CONVERSION = YES;
				CLANG_WARN_OBJC_ROOT_CLASS = YES_ERROR;
				CLANG_WARN_QUOTED_INCLUDE_IN_FRAMEWORK_HEADER = YES;
				CLANG_WARN_RANGE_LOOP_ANALYSIS = YES;
				CLANG_WARN_STRICT_PROTOTYPES = YES;
				CLANG_WARN_SUSPICIOUS_MOVE = YES;
				CLANG_WARN_UNGUARDED_AVAILABILITY = YES_AGGRESSIVE;
				CLANG_WARN_UNREACHABLE_CODE = YES;
				CLANG_WARN__DUPLICATE_METHOD_MATCH = YES;
				COPY_PHASE_STRIP = NO;
				DEBUG_INFORMATION_FORMAT = "dwarf-with-dsym";
				ENABLE_NS_ASSERTIONS = NO;
				ENABLE_STRICT_OBJC_MSGSEND = YES;
				ENABLE_USER_SCRIPT_SANDBOXING = YES;
				GCC_C_LANGUAGE_STANDARD = gnu17;
				GCC_NO_COMMON_BLOCKS = YES;
				GCC_WARN_64_TO_32_BIT_CONVERSION = YES;
				GCC_WARN_ABOUT_RETURN_TYPE = YES_ERROR;
				GCC_WARN_UNDECLARED_SELECTOR = YES;
				GCC_WARN_UNINITIALIZED_AUTOS = YES_AGGRESSIVE;
				GCC_WARN_UNUSED_FUNCTION = YES;
				GCC_WARN_UNUSED_VARIABLE = YES;
				IPHONEOS_DEPLOYMENT_TARGET = 17.4;
				LOCALIZATION_PREFERS_STRING_CATALOGS = YES;
				MTL_ENABLE_DEBUG_INFO = NO;
				MTL_FAST_MATH = YES;
				SDKROOT = iphoneos;
				SWIFT_COMPILATION_MODE = wholemodule;
				VALIDATE_PRODUCT = YES;
			};
			name = Release;
		};
		9C2658BF2BFAFAB2003A56F5 /* Debug */ = {
			isa = XCBuildConfiguration;
			buildSettings = {
				ASSETCATALOG_COMPILER_APPICON_NAME = AppIcon;
				ASSETCATALOG_COMPILER_GLOBAL_ACCENT_COLOR_NAME = AccentColor;
				CODE_SIGN_STYLE = Automatic;
				CURRENT_PROJECT_VERSION = 1;
				DEVELOPMENT_ASSET_PATHS = "\"final/Preview Content\"";
				ENABLE_PREVIEWS = YES;
				GENERATE_INFOPLIST_FILE = YES;
				INFOPLIST_KEY_UIApplicationSceneManifest_Generation = YES;
				INFOPLIST_KEY_UIApplicationSupportsIndirectInputEvents = YES;
				INFOPLIST_KEY_UILaunchScreen_Generation = YES;
				INFOPLIST_KEY_UISupportedInterfaceOrientations_iPad = "UIInterfaceOrientationPortrait UIInterfaceOrientationPortraitUpsideDown UIInterfaceOrientationLandscapeLeft UIInterfaceOrientationLandscapeRight";
				INFOPLIST_KEY_UISupportedInterfaceOrientations_iPhone = "UIInterfaceOrientationPortrait UIInterfaceOrientationLandscapeLeft UIInterfaceOrientationLandscapeRight";
				LD_RUNPATH_SEARCH_PATHS = (
					"$(inherited)",
					"@executable_path/Frameworks",
				);
				MARKETING_VERSION = 1.0;
				PRODUCT_BUNDLE_IDENTIFIER = kwk.final;
				PRODUCT_NAME = "$(TARGET_NAME)";
				SWIFT_EMIT_LOC_STRINGS = YES;
				SWIFT_VERSION = 5.0;
				TARGETED_DEVICE_FAMILY = "1,2";
			};
			name = Debug;
		};
		9C2658C02BFAFAB2003A56F5 /* Release */ = {
			isa = XCBuildConfiguration;
			buildSettings = {
				ASSETCATALOG_COMPILER_APPICON_NAME = AppIcon;
				ASSETCATALOG_COMPILER_GLOBAL_ACCENT_COLOR_NAME = AccentColor;
				CODE_SIGN_STYLE = Automatic;
				CURRENT_PROJECT_VERSION = 1;
				DEVELOPMENT_ASSET_PATHS = "\"final/Preview Content\"";
				ENABLE_PREVIEWS = YES;
				GENERATE_INFOPLIST_FILE = YES;
				INFOPLIST_KEY_UIApplicationSceneManifest_Generation = YES;
				INFOPLIST_KEY_UIApplicationSupportsIndirectInputEvents = YES;
				INFOPLIST_KEY_UILaunchScreen_Generation = YES;
				INFOPLIST_KEY_UISupportedInterfaceOrientations_iPad = "UIInterfaceOrientationPortrait UIInterfaceOrientationPortraitUpsideDown UIInterfaceOrientationLandscapeLeft UIInterfaceOrientationLandscapeRight";
				INFOPLIST_KEY_UISupportedInterfaceOrientations_iPhone = "UIInterfaceOrientationPortrait UIInterfaceOrientationLandscapeLeft UIInterfaceOrientationLandscapeRight";
				LD_RUNPATH_SEARCH_PATHS = (
					"$(inherited)",
					"@executable_path/Frameworks",
				);
				MARKETING_VERSION = 1.0;
				PRODUCT_BUNDLE_IDENTIFIER = kwk.final;
				PRODUCT_NAME = "$(TARGET_NAME)";
				SWIFT_EMIT_LOC_STRINGS = YES;
				SWIFT_VERSION = 5.0;
				TARGETED_DEVICE_FAMILY = "1,2";
			};
			name = Release;
		};
		9C2658C22BFAFAB2003A56F5 /* Debug */ = {
			isa = XCBuildConfiguration;
			buildSettings = {
				ALWAYS_EMBED_SWIFT_STANDARD_LIBRARIES = YES;
				BUNDLE_LOADER = "$(TEST_HOST)";
				CODE_SIGN_STYLE = Automatic;
				CURRENT_PROJECT_VERSION = 1;
				GENERATE_INFOPLIST_FILE = YES;
				IPHONEOS_DEPLOYMENT_TARGET = 17.4;
				MARKETING_VERSION = 1.0;
				PRODUCT_BUNDLE_IDENTIFIER = kwk.finalTests;
				PRODUCT_NAME = "$(TARGET_NAME)";
				SWIFT_EMIT_LOC_STRINGS = NO;
				SWIFT_VERSION = 5.0;
				TARGETED_DEVICE_FAMILY = "1,2";
				TEST_HOST = "$(BUILT_PRODUCTS_DIR)/final.app/$(BUNDLE_EXECUTABLE_FOLDER_PATH)/final";
			};
			name = Debug;
		};
		9C2658C32BFAFAB2003A56F5 /* Release */ = {
			isa = XCBuildConfiguration;
			buildSettings = {
				ALWAYS_EMBED_SWIFT_STANDARD_LIBRARIES = YES;
				BUNDLE_LOADER = "$(TEST_HOST)";
				CODE_SIGN_STYLE = Automatic;
				CURRENT_PROJECT_VERSION = 1;
				GENERATE_INFOPLIST_FILE = YES;
				IPHONEOS_DEPLOYMENT_TARGET = 17.4;
				MARKETING_VERSION = 1.0;
				PRODUCT_BUNDLE_IDENTIFIER = kwk.finalTests;
				PRODUCT_NAME = "$(TARGET_NAME)";
				SWIFT_EMIT_LOC_STRINGS = NO;
				SWIFT_VERSION = 5.0;
				TARGETED_DEVICE_FAMILY = "1,2";
				TEST_HOST = "$(BUILT_PRODUCTS_DIR)/final.app/$(BUNDLE_EXECUTABLE_FOLDER_PATH)/final";
			};
			name = Release;
		};
		9C2658C52BFAFAB2003A56F5 /* Debug */ = {
			isa = XCBuildConfiguration;
			buildSettings = {
				ALWAYS_EMBED_SWIFT_STANDARD_LIBRARIES = YES;
				CODE_SIGN_STYLE = Automatic;
				CURRENT_PROJECT_VERSION = 1;
				GENERATE_INFOPLIST_FILE = YES;
				MARKETING_VERSION = 1.0;
				PRODUCT_BUNDLE_IDENTIFIER = kwk.finalUITests;
				PRODUCT_NAME = "$(TARGET_NAME)";
				SWIFT_EMIT_LOC_STRINGS = NO;
				SWIFT_VERSION = 5.0;
				TARGETED_DEVICE_FAMILY = "1,2";
				TEST_TARGET_NAME = final;
			};
			name = Debug;
		};
		9C2658C62BFAFAB2003A56F5 /* Release */ = {
			isa = XCBuildConfiguration;
			buildSettings = {
				ALWAYS_EMBED_SWIFT_STANDARD_LIBRARIES = YES;
				CODE_SIGN_STYLE = Automatic;
				CURRENT_PROJECT_VERSION = 1;
				GENERATE_INFOPLIST_FILE = YES;
				MARKETING_VERSION = 1.0;
				PRODUCT_BUNDLE_IDENTIFIER = kwk.finalUITests;
				PRODUCT_NAME = "$(TARGET_NAME)";
				SWIFT_EMIT_LOC_STRINGS = NO;
				SWIFT_VERSION = 5.0;
				TARGETED_DEVICE_FAMILY = "1,2";
				TEST_TARGET_NAME = final;
			};
			name = Release;
		};
/* End XCBuildConfiguration section */

/* Begin XCConfigurationList section */
		9C2658952BFAFAB0003A56F5 /* Build configuration list for PBXProject "final" */ = {
			isa = XCConfigurationList;
			buildConfigurations = (
				9C2658BC2BFAFAB2003A56F5 /* Debug */,
				9C2658BD2BFAFAB2003A56F5 /* Release */,
			);
			defaultConfigurationIsVisible = 0;
			defaultConfigurationName = Release;
		};
		9C2658BE2BFAFAB2003A56F5 /* Build configuration list for PBXNativeTarget "final" */ = {
			isa = XCConfigurationList;
			buildConfigurations = (
				9C2658BF2BFAFAB2003A56F5 /* Debug */,
				9C2658C02BFAFAB2003A56F5 /* Release */,
			);
			defaultConfigurationIsVisible = 0;
			defaultConfigurationName = Release;
		};
		9C2658C12BFAFAB2003A56F5 /* Build configuration list for PBXNativeTarget "finalTests" */ = {
			isa = XCConfigurationList;
			buildConfigurations = (
				9C2658C22BFAFAB2003A56F5 /* Debug */,
				9C2658C32BFAFAB2003A56F5 /* Release */,
			);
			defaultConfigurationIsVisible = 0;
			defaultConfigurationName = Release;
		};
		9C2658C42BFAFAB2003A56F5 /* Build configuration list for PBXNativeTarget "finalUITests" */ = {
			isa = XCConfigurationList;
			buildConfigurations = (
				9C2658C52BFAFAB2003A56F5 /* Debug */,
				9C2658C62BFAFAB2003A56F5 /* Release */,
			);
			defaultConfigurationIsVisible = 0;
			defaultConfigurationName = Release;
		};
/* End XCConfigurationList section */
	};
	rootObject = 9C2658922BFAFAB0003A56F5 /* Project object */;
}
